
Microsoft Visual Studio Solution File, Format Version 12.00
# Visual Studio Version 17
VisualStudioVersion = 17.2.32630.192
MinimumVisualStudioVersion = 10.0.40219.1
Project("{9A19103F-16F7-4668-BE54-9A1E7A4F7556}") = "windows.gui.electrifier", "..\..\..\source\repos\tajbender\electrifier\src\electrifier\windows.gui.electrifier.csproj", "{E6B66259-467E-4B97-AFD7-F4A3AAC66867}"
EndProject
Project("{9A19103F-16F7-4668-BE54-9A1E7A4F7556}") = "electrifier.Core", "..\..\..\source\repos\tajbender\electrifier\src\electrifier.Core\electrifier.Core.csproj", "{E8F71EEF-74B4-4660-B291-F00E0CE795F4}"
EndProject
Global
	GlobalSection(SolutionConfigurationPlatforms) = preSolution
		Debug|Any CPU = Debug|Any CPU
		Debug|arm64 = Debug|arm64
		Debug|x64 = Debug|x64
		Debug|x86 = Debug|x86
		Release|Any CPU = Release|Any CPU
		Release|arm64 = Release|arm64
		Release|x64 = Release|x64
		Release|x86 = Release|x86
	EndGlobalSection
	GlobalSection(ProjectConfigurationPlatforms) = postSolution
		{E6B66259-467E-4B97-AFD7-F4A3AAC66867}.Debug|Any CPU.ActiveCfg = Debug|x64
		{E6B66259-467E-4B97-AFD7-F4A3AAC66867}.Debug|Any CPU.Build.0 = Debug|x64
		{E6B66259-467E-4B97-AFD7-F4A3AAC66867}.Debug|Any CPU.Deploy.0 = Debug|x64
		{E6B66259-467E-4B97-AFD7-F4A3AAC66867}.Debug|arm64.ActiveCfg = Debug|arm64
		{E6B66259-467E-4B97-AFD7-F4A3AAC66867}.Debug|arm64.Build.0 = Debug|arm64
		{E6B66259-467E-4B97-AFD7-F4A3AAC66867}.Debug|x64.ActiveCfg = Debug|x64
		{E6B66259-467E-4B97-AFD7-F4A3AAC66867}.Debug|x64.Build.0 = Debug|x64
		{E6B66259-467E-4B97-AFD7-F4A3AAC66867}.Debug|x64.Deploy.0 = Debug|x64
		{E6B66259-467E-4B97-AFD7-F4A3AAC66867}.Debug|x86.ActiveCfg = Debug|x86
		{E6B66259-467E-4B97-AFD7-F4A3AAC66867}.Debug|x86.Build.0 = Debug|x86
		{E6B66259-467E-4B97-AFD7-F4A3AAC66867}.Release|Any CPU.ActiveCfg = Release|x64
		{E6B66259-467E-4B97-AFD7-F4A3AAC66867}.Release|Any CPU.Build.0 = Release|x64
		{E6B66259-467E-4B97-AFD7-F4A3AAC66867}.Release|Any CPU.Deploy.0 = Release|x64
		{E6B66259-467E-4B97-AFD7-F4A3AAC66867}.Release|arm64.ActiveCfg = Release|arm64
		{E6B66259-467E-4B97-AFD7-F4A3AAC66867}.Release|arm64.Build.0 = Release|arm64
		{E6B66259-467E-4B97-AFD7-F4A3AAC66867}.Release|x64.ActiveCfg = Release|x64
		{E6B66259-467E-4B97-AFD7-F4A3AAC66867}.Release|x64.Build.0 = Release|x64
		{E6B66259-467E-4B97-AFD7-F4A3AAC66867}.Release|x64.Deploy.0 = Release|x64
		{E6B66259-467E-4B97-AFD7-F4A3AAC66867}.Release|x86.ActiveCfg = Release|x86
		{E6B66259-467E-4B97-AFD7-F4A3AAC66867}.Release|x86.Build.0 = Release|x86
		{E8F71EEF-74B4-4660-B291-F00E0CE795F4}.Debug|Any CPU.ActiveCfg = Debug|Any CPU
		{E8F71EEF-74B4-4660-B291-F00E0CE795F4}.Debug|Any CPU.Build.0 = Debug|Any CPU
		{E8F71EEF-74B4-4660-B291-F00E0CE795F4}.Debug|arm64.ActiveCfg = Debug|arm64
		{E8F71EEF-74B4-4660-B291-F00E0CE795F4}.Debug|arm64.Build.0 = Debug|arm64
		{E8F71EEF-74B4-4660-B291-F00E0CE795F4}.Debug|x64.ActiveCfg = Debug|x64
		{E8F71EEF-74B4-4660-B291-F00E0CE795F4}.Debug|x64.Build.0 = Debug|x64
		{E8F71EEF-74B4-4660-B291-F00E0CE795F4}.Debug|x86.ActiveCfg = Debug|x86
		{E8F71EEF-74B4-4660-B291-F00E0CE795F4}.Debug|x86.Build.0 = Debug|x86
		{E8F71EEF-74B4-4660-B291-F00E0CE795F4}.Release|Any CPU.ActiveCfg = Release|Any CPU
		{E8F71EEF-74B4-4660-B291-F00E0CE795F4}.Release|Any CPU.Build.0 = Release|Any CPU
		{E8F71EEF-74B4-4660-B291-F00E0CE795F4}.Release|arm64.ActiveCfg = Release|arm64
		{E8F71EEF-74B4-4660-B291-F00E0CE795F4}.Release|arm64.Build.0 = Release|arm64
		{E8F71EEF-74B4-4660-B291-F00E0CE795F4}.Release|x64.ActiveCfg = Release|x64
		{E8F71EEF-74B4-4660-B291-F00E0CE795F4}.Release|x64.Build.0 = Release|x64
		{E8F71EEF-74B4-4660-B291-F00E0CE795F4}.Release|x86.ActiveCfg = Release|x86
		{E8F71EEF-74B4-4660-B291-F00E0CE795F4}.Release|x86.Build.0 = Release|x86
	EndGlobalSection
	GlobalSection(SolutionProperties) = preSolution
		HideSolutionNode = FALSE
	EndGlobalSection
	GlobalSection(ExtensibilityGlobals) = postSolution
		SolutionGuid = {496377F3-CC4F-42B6-B9B2-D2DF45319A3C}
	EndGlobalSection
EndGlobal
