
Microsoft Visual Studio Solution File, Format Version 12.00
# Visual Studio Version 17
VisualStudioVersion = 17.2.32630.192
MinimumVisualStudioVersion = 10.0.40219.1
Project("{9A19103F-16F7-4668-BE54-9A1E7A4F7556}") = "windows.gui.electrifier", "windows.gui.electrifier.csproj", "{634D24D6-9DD9-4902-B5AF-C4A40816D37F}"
EndProject
Project("{9A19103F-16F7-4668-BE54-9A1E7A4F7556}") = "electrifier.Core", "..\electrifier.Core\electrifier.Core.csproj", "{8F01104C-7D76-435C-B675-150A8BDF4224}"
EndProject
Global
	GlobalSection(SolutionConfigurationPlatforms) = preSolution
		Debug|Any CPU = Debug|Any CPU
		Debug|arm64 = Debug|arm64
		Debug|x64 = Debug|x64
		Debug|x86 = Debug|x86
		Release|Any CPU = Release|Any CPU
		Release|arm64 = Release|arm64
		Release|x64 = Release|x64
		Release|x86 = Release|x86
	EndGlobalSection
	GlobalSection(ProjectConfigurationPlatforms) = postSolution
		{634D24D6-9DD9-4902-B5AF-C4A40816D37F}.Debug|Any CPU.ActiveCfg = Debug|x64
		{634D24D6-9DD9-4902-B5AF-C4A40816D37F}.Debug|Any CPU.Build.0 = Debug|x64
		{634D24D6-9DD9-4902-B5AF-C4A40816D37F}.Debug|arm64.ActiveCfg = Debug|arm64
		{634D24D6-9DD9-4902-B5AF-C4A40816D37F}.Debug|arm64.Build.0 = Debug|arm64
		{634D24D6-9DD9-4902-B5AF-C4A40816D37F}.Debug|arm64.Deploy.0 = Debug|arm64
		{634D24D6-9DD9-4902-B5AF-C4A40816D37F}.Debug|x64.ActiveCfg = Debug|x64
		{634D24D6-9DD9-4902-B5AF-C4A40816D37F}.Debug|x64.Build.0 = Debug|x64
		{634D24D6-9DD9-4902-B5AF-C4A40816D37F}.Debug|x86.ActiveCfg = Debug|x86
		{634D24D6-9DD9-4902-B5AF-C4A40816D37F}.Debug|x86.Build.0 = Debug|x86
		{634D24D6-9DD9-4902-B5AF-C4A40816D37F}.Debug|x86.Deploy.0 = Debug|x86
		{634D24D6-9DD9-4902-B5AF-C4A40816D37F}.Release|Any CPU.ActiveCfg = Release|x64
		{634D24D6-9DD9-4902-B5AF-C4A40816D37F}.Release|Any CPU.Build.0 = Release|x64
		{634D24D6-9DD9-4902-B5AF-C4A40816D37F}.Release|arm64.ActiveCfg = Release|arm64
		{634D24D6-9DD9-4902-B5AF-C4A40816D37F}.Release|arm64.Build.0 = Release|arm64
		{634D24D6-9DD9-4902-B5AF-C4A40816D37F}.Release|arm64.Deploy.0 = Release|arm64
		{634D24D6-9DD9-4902-B5AF-C4A40816D37F}.Release|x64.ActiveCfg = Release|x64
		{634D24D6-9DD9-4902-B5AF-C4A40816D37F}.Release|x64.Build.0 = Release|x64
		{634D24D6-9DD9-4902-B5AF-C4A40816D37F}.Release|x64.Deploy.0 = Release|x64
		{634D24D6-9DD9-4902-B5AF-C4A40816D37F}.Release|x86.ActiveCfg = Release|x86
		{634D24D6-9DD9-4902-B5AF-C4A40816D37F}.Release|x86.Build.0 = Release|x86
		{634D24D6-9DD9-4902-B5AF-C4A40816D37F}.Release|x86.Deploy.0 = Release|x86
		{8F01104C-7D76-435C-B675-150A8BDF4224}.Debug|Any CPU.ActiveCfg = Debug|Any CPU
		{8F01104C-7D76-435C-B675-150A8BDF4224}.Debug|Any CPU.Build.0 = Debug|Any CPU
		{8F01104C-7D76-435C-B675-150A8BDF4224}.Debug|arm64.ActiveCfg = Debug|arm64
		{8F01104C-7D76-435C-B675-150A8BDF4224}.Debug|arm64.Build.0 = Debug|arm64
		{8F01104C-7D76-435C-B675-150A8BDF4224}.Debug|x64.ActiveCfg = Debug|x64
		{8F01104C-7D76-435C-B675-150A8BDF4224}.Debug|x64.Build.0 = Debug|x64
		{8F01104C-7D76-435C-B675-150A8BDF4224}.Debug|x86.ActiveCfg = Debug|x86
		{8F01104C-7D76-435C-B675-150A8BDF4224}.Debug|x86.Build.0 = Debug|x86
		{8F01104C-7D76-435C-B675-150A8BDF4224}.Release|Any CPU.ActiveCfg = Release|Any CPU
		{8F01104C-7D76-435C-B675-150A8BDF4224}.Release|Any CPU.Build.0 = Release|Any CPU
		{8F01104C-7D76-435C-B675-150A8BDF4224}.Release|arm64.ActiveCfg = Release|arm64
		{8F01104C-7D76-435C-B675-150A8BDF4224}.Release|arm64.Build.0 = Release|arm64
		{8F01104C-7D76-435C-B675-150A8BDF4224}.Release|x64.ActiveCfg = Release|x64
		{8F01104C-7D76-435C-B675-150A8BDF4224}.Release|x64.Build.0 = Release|x64
		{8F01104C-7D76-435C-B675-150A8BDF4224}.Release|x86.ActiveCfg = Release|x86
		{8F01104C-7D76-435C-B675-150A8BDF4224}.Release|x86.Build.0 = Release|x86
	EndGlobalSection
	GlobalSection(SolutionProperties) = preSolution
		HideSolutionNode = FALSE
	EndGlobalSection
	GlobalSection(ExtensibilityGlobals) = postSolution
		SolutionGuid = {496377F3-CC4F-42B6-B9B2-D2DF45319A3C}
	EndGlobalSection
EndGlobal
